
Microsoft Visual Studio Solution File, Format Version 12.00
# Visual Studio Version 17
VisualStudioVersion = 17.4.33103.184
MinimumVisualStudioVersion = 10.0.40219.1
Project("{9A19103F-16F7-4668-BE54-9A1E7A4F7556}") = "StructureOfArraysGenerator", "src\StructureOfArraysGenerator\StructureOfArraysGenerator.csproj", "{4795B3E9-A7C0-4AF7-8332-A61991F4BDCC}"
EndProject
Project("{2150E333-8FDC-42A3-9474-1A3956D46DE8}") = "src", "src", "{432B0AEF-C8D3-47FF-BDC0-B072C6FD49F3}"
EndProject
Project("{2150E333-8FDC-42A3-9474-1A3956D46DE8}") = "tests", "tests", "{A8277CC7-EEDE-4557-9B65-4E57A7060BF7}"
EndProject
Project("{2150E333-8FDC-42A3-9474-1A3956D46DE8}") = "sandbox", "sandbox", "{A013FDCB-2506-4383-B2F1-7942BA630078}"
EndProject
Project("{9A19103F-16F7-4668-BE54-9A1E7A4F7556}") = "ConsoleApp1", "sandbox\ConsoleApp1\ConsoleApp1.csproj", "{26153D75-8867-49CB-8ADB-04395ABE3FFB}"
EndProject
Project("{9A19103F-16F7-4668-BE54-9A1E7A4F7556}") = "StructureOfArraysGenerator.Tests", "tests\StructureOfArraysGenerator.Tests\StructureOfArraysGenerator.Tests.csproj", "{F7847024-1CA2-4F30-A2F1-C3E5D3938F29}"
EndProject
Project("{9A19103F-16F7-4668-BE54-9A1E7A4F7556}") = "StructureOfArraysGenerator.Roslyn3", "src\StructureOfArraysGenerator.Roslyn3\StructureOfArraysGenerator.Roslyn3.csproj", "{7CAB3AD7-D110-4752-A6CF-55A90CCF6A76}"
EndProject
Project("{9A19103F-16F7-4668-BE54-9A1E7A4F7556}") = "ConsoleAppRoslyn3", "sandbox\ConsoleAppRoslyn3\ConsoleAppRoslyn3.csproj", "{17C74E22-DB8D-4393-B309-BA869B3E825E}"
EndProject
Project("{9A19103F-16F7-4668-BE54-9A1E7A4F7556}") = "StructureOfArraysGenerator.Tests.Roslyn3", "tests\StructureOfArraysGenerator.Tests.Roslyn3\StructureOfArraysGenerator.Tests.Roslyn3.csproj", "{2B64CD80-E4D9-4815-9994-9C72F9A4A2DE}"
EndProject
Project("{FAE04EC0-301F-11D3-BF4B-00C04F79EFBC}") = "Benchmark", "sandbox\Benchmark\Benchmark.csproj", "{EB93D4B8-6078-4887-B3D5-CF75FE859413}"
EndProject
Global
	GlobalSection(SolutionConfigurationPlatforms) = preSolution
		Debug|Any CPU = Debug|Any CPU
		Release|Any CPU = Release|Any CPU
	EndGlobalSection
	GlobalSection(ProjectConfigurationPlatforms) = postSolution
		{4795B3E9-A7C0-4AF7-8332-A61991F4BDCC}.Debug|Any CPU.ActiveCfg = Debug|Any CPU
		{4795B3E9-A7C0-4AF7-8332-A61991F4BDCC}.Debug|Any CPU.Build.0 = Debug|Any CPU
		{4795B3E9-A7C0-4AF7-8332-A61991F4BDCC}.Release|Any CPU.ActiveCfg = Release|Any CPU
		{4795B3E9-A7C0-4AF7-8332-A61991F4BDCC}.Release|Any CPU.Build.0 = Release|Any CPU
		{26153D75-8867-49CB-8ADB-04395ABE3FFB}.Debug|Any CPU.ActiveCfg = Debug|Any CPU
		{26153D75-8867-49CB-8ADB-04395ABE3FFB}.Debug|Any CPU.Build.0 = Debug|Any CPU
		{26153D75-8867-49CB-8ADB-04395ABE3FFB}.Release|Any CPU.ActiveCfg = Release|Any CPU
		{26153D75-8867-49CB-8ADB-04395ABE3FFB}.Release|Any CPU.Build.0 = Release|Any CPU
		{F7847024-1CA2-4F30-A2F1-C3E5D3938F29}.Debug|Any CPU.ActiveCfg = Debug|Any CPU
		{F7847024-1CA2-4F30-A2F1-C3E5D3938F29}.Debug|Any CPU.Build.0 = Debug|Any CPU
		{F7847024-1CA2-4F30-A2F1-C3E5D3938F29}.Release|Any CPU.ActiveCfg = Release|Any CPU
		{F7847024-1CA2-4F30-A2F1-C3E5D3938F29}.Release|Any CPU.Build.0 = Release|Any CPU
		{7CAB3AD7-D110-4752-A6CF-55A90CCF6A76}.Debug|Any CPU.ActiveCfg = Debug|Any CPU
		{7CAB3AD7-D110-4752-A6CF-55A90CCF6A76}.Debug|Any CPU.Build.0 = Debug|Any CPU
		{7CAB3AD7-D110-4752-A6CF-55A90CCF6A76}.Release|Any CPU.ActiveCfg = Release|Any CPU
		{7CAB3AD7-D110-4752-A6CF-55A90CCF6A76}.Release|Any CPU.Build.0 = Release|Any CPU
		{17C74E22-DB8D-4393-B309-BA869B3E825E}.Debug|Any CPU.ActiveCfg = Debug|Any CPU
		{17C74E22-DB8D-4393-B309-BA869B3E825E}.Debug|Any CPU.Build.0 = Debug|Any CPU
		{17C74E22-DB8D-4393-B309-BA869B3E825E}.Release|Any CPU.ActiveCfg = Release|Any CPU
		{17C74E22-DB8D-4393-B309-BA869B3E825E}.Release|Any CPU.Build.0 = Release|Any CPU
		{2B64CD80-E4D9-4815-9994-9C72F9A4A2DE}.Debug|Any CPU.ActiveCfg = Debug|Any CPU
		{2B64CD80-E4D9-4815-9994-9C72F9A4A2DE}.Debug|Any CPU.Build.0 = Debug|Any CPU
		{2B64CD80-E4D9-4815-9994-9C72F9A4A2DE}.Release|Any CPU.ActiveCfg = Release|Any CPU
		{2B64CD80-E4D9-4815-9994-9C72F9A4A2DE}.Release|Any CPU.Build.0 = Release|Any CPU
		{EB93D4B8-6078-4887-B3D5-CF75FE859413}.Debug|Any CPU.ActiveCfg = Debug|Any CPU
		{EB93D4B8-6078-4887-B3D5-CF75FE859413}.Debug|Any CPU.Build.0 = Debug|Any CPU
		{EB93D4B8-6078-4887-B3D5-CF75FE859413}.Release|Any CPU.ActiveCfg = Release|Any CPU
		{EB93D4B8-6078-4887-B3D5-CF75FE859413}.Release|Any CPU.Build.0 = Release|Any CPU
	EndGlobalSection
	GlobalSection(SolutionProperties) = preSolution
		HideSolutionNode = FALSE
	EndGlobalSection
	GlobalSection(NestedProjects) = preSolution
		{4795B3E9-A7C0-4AF7-8332-A61991F4BDCC} = {432B0AEF-C8D3-47FF-BDC0-B072C6FD49F3}
		{26153D75-8867-49CB-8ADB-04395ABE3FFB} = {A013FDCB-2506-4383-B2F1-7942BA630078}
		{F7847024-1CA2-4F30-A2F1-C3E5D3938F29} = {A8277CC7-EEDE-4557-9B65-4E57A7060BF7}
		{7CAB3AD7-D110-4752-A6CF-55A90CCF6A76} = {432B0AEF-C8D3-47FF-BDC0-B072C6FD49F3}
		{17C74E22-DB8D-4393-B309-BA869B3E825E} = {A013FDCB-2506-4383-B2F1-7942BA630078}
		{2B64CD80-E4D9-4815-9994-9C72F9A4A2DE} = {A8277CC7-EEDE-4557-9B65-4E57A7060BF7}
		{EB93D4B8-6078-4887-B3D5-CF75FE859413} = {A013FDCB-2506-4383-B2F1-7942BA630078}
	EndGlobalSection
	GlobalSection(ExtensibilityGlobals) = postSolution
		SolutionGuid = {0B973688-CB3E-4DC9-87B2-9C7C62C8C45A}
	EndGlobalSection
EndGlobal
